Microsoft Visual Studio Solution File, Format Version 12.00
# Visual Studio Version 17
VisualStudioVersion = 17.5.2.0
MinimumVisualStudioVersion = 10.0.40219.1
Project("{FAE04EC0-301F-11D3-BF4B-00C04F79EFBC}") = "Sauron.API", "Sauron.API.csproj", "{5EC688A0-902A-378C-662D-9E645D963D0D}"
EndProject
Global
	GlobalSection(SolutionConfigurationPlatforms) = preSolution
		Debug|Any CPU = Debug|Any CPU
		Release|Any CPU = Release|Any CPU
	EndGlobalSection
	GlobalSection(ProjectConfigurationPlatforms) = postSolution
		{5EC688A0-902A-378C-662D-9E645D963D0D}.Debug|Any CPU.ActiveCfg = Debug|Any CPU
		{5EC688A0-902A-378C-662D-9E645D963D0D}.Debug|Any CPU.Build.0 = Debug|Any CPU
		{5EC688A0-902A-378C-662D-9E645D963D0D}.Release|Any CPU.ActiveCfg = Release|Any CPU
		{5EC688A0-902A-378C-662D-9E645D963D0D}.Release|Any CPU.Build.0 = Release|Any CPU
	EndGlobalSection
	GlobalSection(SolutionProperties) = preSolution
		HideSolutionNode = FALSE
	EndGlobalSection
	GlobalSection(ExtensibilityGlobals) = postSolution
		SolutionGuid = {8F3BD437-B76B-41A6-8368-4C6F0ABCB973}
	EndGlobalSection
EndGlobal
